# THIS IS AN AUTOGENERATED FILE. DO NOT EDIT THIS FILE DIRECTLY.
# yarn lockfile v1


blob-polyfill@^7.0.20220408:
  version "7.0.20220408"
  resolved "https://registry.yarnpkg.com/blob-polyfill/-/blob-polyfill-7.0.20220408.tgz#38bf5e046c41a21bb13654d9d19f303233b8218c"
  integrity sha512-oD8Ydw+5lNoqq+en24iuPt1QixdPpe/nUF8azTHnviCZYu9zUC+TwdzIp5orpblJosNlgNbVmmAb//c6d6ImUQ==
